
Microsoft Visual Studio Solution File, Format Version 12.00
# Visual Studio Version 17
VisualStudioVersion = 17.1.32414.318
MinimumVisualStudioVersion = 10.0.40219.1
Project("{FAE04EC0-301F-11D3-BF4B-00C04F79EFBC}") = "Algorithms", "Algorithms\Algorithms.csproj", "{98E26DBC-8760-4164-9B9E-071FC16CAF1F}"
EndProject
Project("{FAE04EC0-301F-11D3-BF4B-00C04F79EFBC}") = "TestProject", "TestProject\TestProject.csproj", "{36804103-1DDA-4062-AB78-97B0852D2E07}"
EndProject
Global
	GlobalSection(SolutionConfigurationPlatforms) = preSolution
		Debug|Any CPU = Debug|Any CPU
		Release|Any CPU = Release|Any CPU
	EndGlobalSection
	GlobalSection(ProjectConfigurationPlatforms) = postSolution
		{98E26DBC-8760-4164-9B9E-071FC16CAF1F}.Debug|Any CPU.ActiveCfg = Debug|Any CPU
		{98E26DBC-8760-4164-9B9E-071FC16CAF1F}.Debug|Any CPU.Build.0 = Debug|Any CPU
		{98E26DBC-8760-4164-9B9E-071FC16CAF1F}.Release|Any CPU.ActiveCfg = Release|Any CPU
		{98E26DBC-8760-4164-9B9E-071FC16CAF1F}.Release|Any CPU.Build.0 = Release|Any CPU
		{36804103-1DDA-4062-AB78-97B0852D2E07}.Debug|Any CPU.ActiveCfg = Debug|Any CPU
		{36804103-1DDA-4062-AB78-97B0852D2E07}.Debug|Any CPU.Build.0 = Debug|Any CPU
		{36804103-1DDA-4062-AB78-97B0852D2E07}.Release|Any CPU.ActiveCfg = Release|Any CPU
		{36804103-1DDA-4062-AB78-97B0852D2E07}.Release|Any CPU.Build.0 = Release|Any CPU
	EndGlobalSection
	GlobalSection(SolutionProperties) = preSolution
		HideSolutionNode = FALSE
	EndGlobalSection
	GlobalSection(ExtensibilityGlobals) = postSolution
		SolutionGuid = {A1AC9519-9AF0-4B85-AB62-3647467E8D67}
	EndGlobalSection
EndGlobal
